// !$*UTF8*$!
{
	archiveVersion = 1;
	classes = {
	};
	objectVersion = 46;
	objects = {

/* Begin PBXBuildFile section */
		AC8D20081E9E56570031FAC7 /* AppDelegate.swift in Sources */ = {isa = PBXBuildFile; fileRef = AC8D20071E9E56570031FAC7 /* AppDelegate.swift */; };
		AC8D200A1E9E56570031FAC7 /* ViewController.swift in Sources */ = {isa = PBXBuildFile; fileRef = AC8D20091E9E56570031FAC7 /* ViewController.swift */; };
		AC8D200D1E9E56570031FAC7 /* Main.storyboard in Resources */ = {isa = PBXBuildFile; fileRef = AC8D200B1E9E56570031FAC7 /* Main.storyboard */; };
		AC8D200F1E9E56570031FAC7 /* Assets.xcassets in Resources */ = {isa = PBXBuildFile; fileRef = AC8D200E1E9E56570031FAC7 /* Assets.xcassets */; };
		AC8D20121E9E56570031FAC7 /* LaunchScreen.storyboard in Resources */ = {isa = PBXBuildFile; fileRef = AC8D20101E9E56570031FAC7 /* LaunchScreen.storyboard */; };
/* End PBXBuildFile section */

/* Begin PBXFileReference section */
		AC8D20041E9E56570031FAC7 /* DOUYUTV.app */ = {isa = PBXFileReference; explicitFileType = wrapper.application; includeInIndex = 0; path = DOUYUTV.app; sourceTree = BUILT_PRODUCTS_DIR; };
		AC8D20071E9E56570031FAC7 /* AppDelegate.swift */ = {isa = PBXFileReference; lastKnownFileType = sourcecode.swift; path = AppDelegate.swift; sourceTree = "<group>"; };
		AC8D20091E9E56570031FAC7 /* ViewController.swift */ = {isa = PBXFileReference; lastKnownFileType = sourcecode.swift; path = ViewController.swift; sourceTree = "<group>"; };
		AC8D200C1E9E56570031FAC7 /* Base */ = {isa = PBXFileReference; lastKnownFileType = file.storyboard; name = Base; path = Base.lproj/Main.storyboard; sourceTree = "<group>"; };
		AC8D200E1E9E56570031FAC7 /* Assets.xcassets */ = {isa = PBXFileReference; lastKnownFileType = folder.assetcatalog; path = Assets.xcassets; sourceTree = "<group>"; };
		AC8D20111E9E56570031FAC7 /* Base */ = {isa = PBXFileReference; lastKnownFileType = file.storyboard; name = Base; path = Base.lproj/LaunchScreen.storyboard; sourceTree = "<group>"; };
		AC8D20131E9E56570031FAC7 /* Info.plist */ = {isa = PBXFileReference; lastKnownFileType = text.plist.xml; path = Info.plist; sourceTree = "<group>"; };
/* End PBXFileReference section */

/* Begin PBXFrameworksBuildPhase section */
		AC8D20011E9E56570031FAC7 /* Frameworks */ = {
			isa = PBXFrameworksBuildPhase;
			buildActionMask = 2147483647;
			files = (
			);
			runOnlyForDeploymentPostprocessing = 0;
		};
/* End PBXFrameworksBuildPhase section */

/* Begin PBXGroup section */
		AC8D1FFB1E9E56560031FAC7 = {
			isa = PBXGroup;
			children = (
				AC8D20061E9E56570031FAC7 /* DOUYUTV */,
				AC8D20051E9E56570031FAC7 /* Products */,
			);
			sourceTree = "<group>";
		};
		AC8D20051E9E56570031FAC7 /* Products */ = {
			isa = PBXGroup;
			children = (
				AC8D20041E9E56570031FAC7 /* DOUYUTV.app */,
			);
			name = Products;
			sourceTree = "<group>";
		};
		AC8D20061E9E56570031FAC7 /* DOUYUTV */ = {
			isa = PBXGroup;
			children = (
				AC8D20071E9E56570031FAC7 /* AppDelegate.swift */,
				AC8D20091E9E56570031FAC7 /* ViewController.swift */,
				AC8D200B1E9E56570031FAC7 /* Main.storyboard */,
				AC8D200E1E9E56570031FAC7 /* Assets.xcassets */,
				AC8D20101E9E56570031FAC7 /* LaunchScreen.storyboard */,
				AC8D20131E9E56570031FAC7 /* Info.plist */,
			);
			path = DOUYUTV;
			sourceTree = "<group>";
		};
/* End PBXGroup section */

/* Begin PBXNativeTarget section */
		AC8D20031E9E56570031FAC7 /* DOUYUTV */ = {
			isa = PBXNativeTarget;
			buildConfigurationList = AC8D20161E9E56570031FAC7 /* Build configuration list for PBXNativeTarget "DOUYUTV" */;
			buildPhases = (
				AC8D20001E9E56570031FAC7 /* Sources */,
				AC8D20011E9E56570031FAC7 /* Frameworks */,
				AC8D20021E9E56570031FAC7 /* Resources */,
			);
			buildRules = (
			);
			dependencies = (
			);
			name = DOUYUTV;
			productName = DOUYUTV;
			productReference = AC8D20041E9E56570031FAC7 /* DOUYUTV.app */;
			productType = "com.apple.product-type.application";
		};
/* End PBXNativeTarget section */

/* Begin PBXProject section */
		AC8D1FFC1E9E56560031FAC7 /* Project object */ = {
			isa = PBXProject;
			attributes = {
				LastSwiftUpdateCheck = 0830;
				LastUpgradeCheck = 0830;
				ORGANIZATIONNAME = "王新伟";
				TargetAttributes = {
					AC8D20031E9E56570031FAC7 = {
						CreatedOnToolsVersion = 8.3;
						ProvisioningStyle = Automatic;
					};
				};
			};
			buildConfigurationList = AC8D1FFF1E9E56560031FAC7 /* Build configuration list for PBXProject "DOUYUTV" */;
			compatibilityVersion = "Xcode 3.2";
			developmentRegion = English;
			hasScannedForEncodings = 0;
			knownRegions = (
				en,
				Base,
			);
			mainGroup = AC8D1FFB1E9E56560031FAC7;
			productRefGroup = AC8D20051E9E56570031FAC7 /* Products */;
			projectDirPath = "";
			projectRoot = "";
			targets = (
				AC8D20031E9E56570031FAC7 /* DOUYUTV */,
			);
		};
/* End PBXProject section */

/* Begin PBXResourcesBuildPhase section */
		AC8D20021E9E56570031FAC7 /* Resources */ = {
			isa = PBXResourcesBuildPhase;
			buildActionMask = 2147483647;
			files = (
				AC8D20121E9E56570031FAC7 /* LaunchScreen.storyboard in Resources */,
				AC8D200F1E9E56570031FAC7 /* Assets.xcassets in Resources */,
				AC8D200D1E9E56570031FAC7 /* Main.storyboard in Resources */,
			);
			runOnlyForDeploymentPostprocessing = 0;
		};
/* End PBXResourcesBuildPhase section */

/* Begin PBXSourcesBuildPhase section */
		AC8D20001E9E56570031FAC7 /* Sources */ = {
			isa = PBXSourcesBuildPhase;
			buildActionMask = 2147483647;
			files = (
				AC8D200A1E9E56570031FAC7 /* ViewController.swift in Sources */,
				AC8D20081E9E56570031FAC7 /* AppDelegate.swift in Sources */,
			);
			runOnlyForDeploymentPostprocessing = 0;
		};
/* End PBXSourcesBuildPhase section */

/* Begin PBXVariantGroup section */
		AC8D200B1E9E56570031FAC7 /* Main.storyboard */ = {
			isa = PBXVariantGroup;
			children = (
				AC8D200C1E9E56570031FAC7 /* Base */,
			);
			name = Main.storyboard;
			sourceTree = "<group>";
		};
		AC8D20101E9E56570031FAC7 /* LaunchScreen.storyboard */ = {
			isa = PBXVariantGroup;
			children = (
				AC8D20111E9E56570031FAC7 /* Base */,
			);
			name = LaunchScreen.storyboard;
			sourceTree = "<group>";
		};
/* End PBXVariantGroup section */

/* Begin XCBuildConfiguration section */
		AC8D20141E9E56570031FAC7 /* Debug */ = {
			isa = XCBuildConfiguration;
			buildSettings = {
				ALWAYS_SEARCH_USER_PATHS = NO;
				CLANG_ANALYZER_NONNULL = YES;
				CLANG_ANALYZER_NUMBER_OBJECT_CONVERSION = YES_AGGRESSIVE;
				CLANG_CXX_LANGUAGE_STANDARD = "gnu++0x";
				CLANG_CXX_LIBRARY = "libc++";
				CLANG_ENABLE_MODULES = YES;
				CLANG_ENABLE_OBJC_ARC = YES;
				CLANG_WARN_BOOL_CONVERSION = YES;
				CLANG_WARN_CONSTANT_CONVERSION = YES;
				CLANG_WARN_DIRECT_OBJC_ISA_USAGE = YES_ERROR;
				CLANG_WARN_DOCUMENTATION_COMMENTS = YES;
				CLANG_WARN_EMPTY_BODY = YES;
				CLANG_WARN_ENUM_CONVERSION = YES;
				CLANG_WARN_INFINITE_RECURSION = YES;
				CLANG_WARN_INT_CONVERSION = YES;
				CLANG_WARN_OBJC_ROOT_CLASS = YES_ERROR;
				CLANG_WARN_SUSPICIOUS_MOVE = YES;
				CLANG_WARN_UNREACHABLE_CODE = YES;
				CLANG_WARN__DUPLICATE_METHOD_MATCH = YES;
				"CODE_SIGN_IDENTITY[sdk=iphoneos*]" = "iPhone Developer";
				COPY_PHASE_STRIP = NO;
				DEBUG_INFORMATION_FORMAT = dwarf;
				ENABLE_STRICT_OBJC_MSGSEND = YES;
				ENABLE_TESTABILITY = YES;
				GCC_C_LANGUAGE_STANDARD = gnu99;
				GCC_DYNAMIC_NO_PIC = NO;
				GCC_NO_COMMON_BLOCKS = YES;
				GCC_OPTIMIZATION_LEVEL = 0;
				GCC_PREPROCESSOR_DEFINITIONS = (
					"DEBUG=1",
					"$(inherited)",
				);
				GCC_WARN_64_TO_32_BIT_CONVERSION = YES;
				GCC_WARN_ABOUT_RETURN_TYPE = YES_ERROR;
				GCC_WARN_UNDECLARED_SELECTOR = YES;
				GCC_WARN_UNINITIALIZED_AUTOS = YES_AGGRESSIVE;
				GCC_WARN_UNUSED_FUNCTION = YES;
				GCC_WARN_UNUSED_VARIABLE = YES;
				IPHONEOS_DEPLOYMENT_TARGET = 10.3;
				MTL_ENABLE_DEBUG_INFO = YES;
				ONLY_ACTIVE_ARCH = YES;
				SDKROOT = iphoneos;
				SWIFT_ACTIVE_COMPILATION_CONDITIONS = DEBUG;
				SWIFT_OPTIMIZATION_LEVEL = "-Onone";
			};
			name = Debug;
		};
		AC8D20151E9E56570031FAC7 /* Release */ = {
			isa = XCBuildConfiguration;
			buildSettings = {
				ALWAYS_SEARCH_USER_PATHS = NO;
				CLANG_ANALYZER_NONNULL = YES;
				CLANG_ANALYZER_NUMBER_OBJECT_CONVERSION = YES_AGGRESSIVE;
				CLANG_CXX_LANGUAGE_STANDARD = "gnu++0x";
				CLANG_CXX_LIBRARY = "libc++";
				CLANG_ENABLE_MODULES = YES;
				CLANG_ENABLE_OBJC_ARC = YES;
				CLANG_WARN_BOOL_CONVERSION = YES;
				CLANG_WARN_CONSTANT_CONVERSION = YES;
				CLANG_WARN_DIRECT_OBJC_ISA_USAGE = YES_ERROR;
				CLANG_WARN_DOCUMENTATION_COMMENTS = YES;
				CLANG_WARN_EMPTY_BODY = YES;
				CLANG_WARN_ENUM_CONVERSION = YES;
				CLANG_WARN_INFINITE_RECURSION = YES;
				CLANG_WARN_INT_CONVERSION = YES;
				CLANG_WARN_OBJC_ROOT_CLASS = YES_ERROR;
				CLANG_WARN_SUSPICIOUS_MOVE = YES;
				CLANG_WARN_UNREACHABLE_CODE = YES;
				CLANG_WARN__DUPLICATE_METHOD_MATCH = YES;
				"CODE_SIGN_IDENTITY[sdk=iphoneos*]" = "iPhone Developer";
				COPY_PHASE_STRIP = NO;
				DEBUG_INFORMATION_FORMAT = "dwarf-with-dsym";
				ENABLE_NS_ASSERTIONS = NO;
				ENABLE_STRICT_OBJC_MSGSEND = YES;
				GCC_C_LANGUAGE_STANDARD = gnu99;
				GCC_NO_COMMON_BLOCKS = YES;
				GCC_WARN_64_TO_32_BIT_CONVERSION = YES;
				GCC_WARN_ABOUT_RETURN_TYPE = YES_ERROR;
				GCC_WARN_UNDECLARED_SELECTOR = YES;
				GCC_WARN_UNINITIALIZED_AUTOS = YES_AGGRESSIVE;
				GCC_WARN_UNUSED_FUNCTION = YES;
				GCC_WARN_UNUSED_VARIABLE = YES;
				IPHONEOS_DEPLOYMENT_TARGET = 10.3;
				MTL_ENABLE_DEBUG_INFO = NO;
				SDKROOT = iphoneos;
				SWIFT_OPTIMIZATION_LEVEL = "-Owholemodule";
				VALIDATE_PRODUCT = YES;
			};
			name = Release;
		};
		AC8D20171E9E56570031FAC7 /* Debug */ = {
			isa = XCBuildConfiguration;
			buildSettings = {
				ASSETCATALOG_COMPILER_APPICON_NAME = AppIcon;
				ASSETCATALOG_COMPILER_LAUNCHIMAGE_NAME = LaunchImage;
				INFOPLIST_FILE = DOUYUTV/Info.plist;
				LD_RUNPATH_SEARCH_PATHS = "$(inherited) @executable_path/Frameworks";
				PRODUCT_BUNDLE_IDENTIFIER = com.wangxinwei.DOUYUTV;
				PRODUCT_NAME = "$(TARGET_NAME)";
				SWIFT_VERSION = 3.0;
			};
			name = Debug;
		};
		AC8D20181E9E56570031FAC7 /* Release */ = {
			isa = XCBuildConfiguration;
			buildSettings = {
				ASSETCATALOG_COMPILER_APPICON_NAME = AppIcon;
				ASSETCATALOG_COMPILER_LAUNCHIMAGE_NAME = LaunchImage;
				INFOPLIST_FILE = DOUYUTV/Info.plist;
				LD_RUNPATH_SEARCH_PATHS = "$(inherited) @executable_path/Frameworks";
				PRODUCT_BUNDLE_IDENTIFIER = com.wangxinwei.DOUYUTV;
				PRODUCT_NAME = "$(TARGET_NAME)";
				SWIFT_VERSION = 3.0;
			};
			name = Release;
		};
/* End XCBuildConfiguration section */

/* Begin XCConfigurationList section */
		AC8D1FFF1E9E56560031FAC7 /* Build configuration list for PBXProject "DOUYUTV" */ = {
			isa = XCConfigurationList;
			buildConfigurations = (
				AC8D20141E9E56570031FAC7 /* Debug */,
				AC8D20151E9E56570031FAC7 /* Release */,
			);
			defaultConfigurationIsVisible = 0;
			defaultConfigurationName = Release;
		};
		AC8D20161E9E56570031FAC7 /* Build configuration list for PBXNativeTarget "DOUYUTV" */ = {
			isa = XCConfigurationList;
			buildConfigurations = (
				AC8D20171E9E56570031FAC7 /* Debug */,
				AC8D20181E9E56570031FAC7 /* Release */,
			);
			defaultConfigurationIsVisible = 0;
			defaultConfigurationName = Release;
		};
/* End XCConfigurationList section */
	};
	rootObject = AC8D1FFC1E9E56560031FAC7 /* Project object */;
}
